# THIS IS AN AUTOGENERATED FILE. DO NOT EDIT THIS FILE DIRECTLY.
# yarn lockfile v1


"@wojtekmaj/date-utils@^1.0.2":
  version "1.0.3"
  resolved "https://registry.yarnpkg.com/@wojtekmaj/date-utils/-/date-utils-1.0.3.tgz#2dcfd92881425c5923e429c2aec86fb3609032a1"
  integrity sha512-1VPkkTBk07gMR1fjpBtse4G+oJqpmE+0gUFB0dg3VIL7qJmUVaBoD/vlzMm/jNeOPfvlmerl1lpnsZyBUFIRuw==

get-user-locale@^1.2.0:
  version "1.5.1"
  resolved "https://registry.yarnpkg.com/get-user-locale/-/get-user-locale-1.5.1.tgz#18a9ba2cfeed0e713ea00968efa75d620523a5ea"
  integrity sha512-WiNpoFRcHn1qxP9VabQljzGwkAQDrcpqUtaP0rNBEkFxJdh4f3tik6MfZsMYZc+UgQJdGCxWEjL9wnCUlRQXag==
  dependencies:
    lodash.memoize "^4.1.1"

"js-tokens@^3.0.0 || ^4.0.0":
  version "4.0.0"
  resolved "https://registry.yarnpkg.com/js-tokens/-/js-tokens-4.0.0.tgz#19203fb59991df98e3a287050d4647cdeaf32499"
  integrity sha512-RdJUflcE3cUzKiMqQgsCu06FPu9UdIJO0beYbPhHN4k6apgJtifcoCtT9bcxOpYBtpD2kCM6Sbzg4CausW/PKQ==

lodash.memoize@^4.1.1:
  version "4.1.2"
  resolved "https://registry.yarnpkg.com/lodash.memoize/-/lodash.memoize-4.1.2.tgz#bcc6c49a42a2840ed997f323eada5ecd182e0bfe"
  integrity sha512-t7j+NzmgnQzTAYXcsHYLgimltOV1MXHtlOWf6GjL9Kj8GK5FInw5JotxvbOs+IvV1/Dzo04/fCGfLVs7aXb4Ag==

loose-envify@^1.4.0:
  version "1.4.0"
  resolved "https://registry.yarnpkg.com/loose-envify/-/loose-envify-1.4.0.tgz#71ee51fa7be4caec1a63839f7e682d8132d30caf"
  integrity sha512-lyuxPGr/Wfhrlem2CL/UcnUc1zcqKAImBDzukY7Y5F/yQiNdko6+fRLevlw1HgMySw7f611UIY408EtxRSoK3Q==
  dependencies:
    js-tokens "^3.0.0 || ^4.0.0"

merge-class-names@^1.1.1:
  version "1.4.2"
  resolved "https://registry.yarnpkg.com/merge-class-names/-/merge-class-names-1.4.2.tgz#78d6d95ab259e7e647252a7988fd25a27d5a8835"
  integrity sha512-bOl98VzwCGi25Gcn3xKxnR5p/WrhWFQB59MS/aGENcmUc6iSm96yrFDF0XSNurX9qN4LbJm0R9kfvsQ17i8zCw==

moment@^2.29.4:
  version "2.29.4"
  resolved "https://registry.yarnpkg.com/moment/-/moment-2.29.4.tgz#3dbe052889fe7c1b2ed966fcb3a77328964ef108"
  integrity sha512-5LC9SOxjSc2HF6vO2CyuTDNivEdoz2IvyJJGj6X8DJ0eFyfszE0QiEd+iXmBvUP3WHxSjFH/vIsA0EN00cgr8w==

object-assign@^4.1.1:
  version "4.1.1"
  resolved "https://registry.yarnpkg.com/object-assign/-/object-assign-4.1.1.tgz#2109adc7965887cfc05cbbd442cac8bfbb360863"
  integrity sha512-rJgTQnkUnH1sFw8yT6VSU3zD3sWmu6sZhIseY8VX+GRu3P6F7Fu+JNDoXfklElbLJSnc3FUQHVe4cU5hj+BcUg==

prop-types@^15.6.0:
  version "15.8.1"
  resolved "https://registry.yarnpkg.com/prop-types/-/prop-types-15.8.1.tgz#67d87bf1a694f48435cf332c24af10214a3140b5"
  integrity sha512-oj87CgZICdulUohogVAR7AjlC0327U4el4L6eAvOqCeudMDVU0NThNaV+b9Df4dXgSP1gXMTnPdhfe/2qDH5cg==
  dependencies:
    loose-envify "^1.4.0"
    object-assign "^4.1.1"
    react-is "^16.13.1"

react-calendar@^3.8.0:
  version "3.8.0"
  resolved "https://registry.yarnpkg.com/react-calendar/-/react-calendar-3.8.0.tgz#4d43b9e06b0e8ae3bbd596cdc556294e5c755b10"
  integrity sha512-N0SMjrDJhQUL+HruZ2NFdjm5za0pFMuVv3IoRhFiCrRiChPOBeohkXR+NlujmvfFgAswt4K81bBFaH4TMioB+A==
  dependencies:
    "@wojtekmaj/date-utils" "^1.0.2"
    get-user-locale "^1.2.0"
    merge-class-names "^1.1.1"
    prop-types "^15.6.0"

react-is@^16.13.1:
  version "16.13.1"
  resolved "https://registry.yarnpkg.com/react-is/-/react-is-16.13.1.tgz#789729a4dc36de2999dc156dd6c1d9c18cea56a4"
  integrity sha512-24e6ynE2H+OKt4kqsOvNd8kBpV65zoxbA4BVsEOB3ARVWQki/DHzaUoC5KuON/BiccDaCCTZBuOcfZs70kR8bQ==

react-native-add-calendar-event@^4.0.0:
  version "4.0.0"
  resolved "https://registry.yarnpkg.com/react-native-add-calendar-event/-/react-native-add-calendar-event-4.0.0.tgz#83959cc1953f255ae38ece84214f232fa6552c9c"
  integrity sha512-gkqidtFquTKR46QWdV12iu86OQJGNTnsT1C58EBPFy1MyCFJZar6y6wRBLaWNfvnhgeGzJeA0ODb8KmD+HU8GQ==
